
Microsoft Visual Studio Solution File, Format Version 12.00
# Visual Studio Version 17
VisualStudioVersion = 17.1.31911.260
MinimumVisualStudioVersion = 10.0.40219.1
Project("{FAE04EC0-301F-11D3-BF4B-00C04F79EFBC}") = "ONT Assignment", "ONT Assignment\ONT Assignment.csproj", "{A2B8C906-C791-43ED-8D08-BE58DBC230A8}"
EndProject
Project("{FAE04EC0-301F-11D3-BF4B-00C04F79EFBC}") = "DAL", "DAL\DAL.csproj", "{DF92AB1A-D98E-4176-9F72-12DD84FC69B7}"
EndProject
Project("{FAE04EC0-301F-11D3-BF4B-00C04F79EFBC}") = "BLL", "BLL\BLL.csproj", "{C7115F9A-4818-4F08-8008-40F35706D939}"
EndProject
Global
	GlobalSection(SolutionConfigurationPlatforms) = preSolution
		Debug|Any CPU = Debug|Any CPU
		Release|Any CPU = Release|Any CPU
	EndGlobalSection
	GlobalSection(ProjectConfigurationPlatforms) = postSolution
		{A2B8C906-C791-43ED-8D08-BE58DBC230A8}.Debug|Any CPU.ActiveCfg = Debug|Any CPU
		{A2B8C906-C791-43ED-8D08-BE58DBC230A8}.Debug|Any CPU.Build.0 = Debug|Any CPU
		{A2B8C906-C791-43ED-8D08-BE58DBC230A8}.Release|Any CPU.ActiveCfg = Release|Any CPU
		{A2B8C906-C791-43ED-8D08-BE58DBC230A8}.Release|Any CPU.Build.0 = Release|Any CPU
		{DF92AB1A-D98E-4176-9F72-12DD84FC69B7}.Debug|Any CPU.ActiveCfg = Debug|Any CPU
		{DF92AB1A-D98E-4176-9F72-12DD84FC69B7}.Debug|Any CPU.Build.0 = Debug|Any CPU
		{DF92AB1A-D98E-4176-9F72-12DD84FC69B7}.Release|Any CPU.ActiveCfg = Release|Any CPU
		{DF92AB1A-D98E-4176-9F72-12DD84FC69B7}.Release|Any CPU.Build.0 = Release|Any CPU
		{C7115F9A-4818-4F08-8008-40F35706D939}.Debug|Any CPU.ActiveCfg = Debug|Any CPU
		{C7115F9A-4818-4F08-8008-40F35706D939}.Debug|Any CPU.Build.0 = Debug|Any CPU
		{C7115F9A-4818-4F08-8008-40F35706D939}.Release|Any CPU.ActiveCfg = Release|Any CPU
		{C7115F9A-4818-4F08-8008-40F35706D939}.Release|Any CPU.Build.0 = Release|Any CPU
	EndGlobalSection
	GlobalSection(SolutionProperties) = preSolution
		HideSolutionNode = FALSE
	EndGlobalSection
	GlobalSection(ExtensibilityGlobals) = postSolution
		SolutionGuid = {7567ACEF-A257-49BE-9A18-F6E85E607C29}
	EndGlobalSection
EndGlobal
